
Microsoft Visual Studio Solution File, Format Version 12.00
# Visual Studio Version 17
VisualStudioVersion = 17.3.32929.385
MinimumVisualStudioVersion = 10.0.40219.1
Project("{FAE04EC0-301F-11D3-BF4B-00C04F79EFBC}") = "MyMoney", "MyMoney.csproj", "{CCD4722E-CE79-4762-8F05-7FA94AB64A00}"
EndProject
Global
	GlobalSection(SolutionConfigurationPlatforms) = preSolution
		Debug|Any CPU = Debug|Any CPU
		Release|Any CPU = Release|Any CPU
	EndGlobalSection
	GlobalSection(ProjectConfigurationPlatforms) = postSolution
		{CCD4722E-CE79-4762-8F05-7FA94AB64A00}.Debug|Any CPU.ActiveCfg = Debug|Any CPU
		{CCD4722E-CE79-4762-8F05-7FA94AB64A00}.Debug|Any CPU.Build.0 = Debug|Any CPU
		{CCD4722E-CE79-4762-8F05-7FA94AB64A00}.Release|Any CPU.ActiveCfg = Release|Any CPU
		{CCD4722E-CE79-4762-8F05-7FA94AB64A00}.Release|Any CPU.Build.0 = Release|Any CPU
	EndGlobalSection
	GlobalSection(SolutionProperties) = preSolution
		HideSolutionNode = FALSE
	EndGlobalSection
	GlobalSection(ExtensibilityGlobals) = postSolution
		SolutionGuid = {D67A4886-A900-40FA-AD0C-563CEC2BD6B0}
	EndGlobalSection
EndGlobal
